{
  "name": "hflow-tools",
  "version": "1.2.2",
  "lockfileVersion": 1,
  "requires": true,
  "dependencies": {
    "@dagrejs/graphlib": {
      "version": "2.1.4",
      "resolved": "https://registry.npmjs.org/@dagrejs/graphlib/-/graphlib-2.1.4.tgz",
      "integrity": "sha512-QCg9sL4uhjn468FDEsb/S9hS2xUZSrv/+dApb1Ze5VKO96pTXKNJZ6MGhIpgWkc1TVhbVGH9/7rq/Mf8/jWicw==",
      "requires": {
        "lodash": "^4.11.1"
      }
    },
    "colormap": {
      "version": "2.3.1",
      "resolved": "https://registry.npmjs.org/colormap/-/colormap-2.3.1.tgz",
      "integrity": "sha512-TEzNlo/qYp6pBoR2SK9JiV+DG1cmUcVO/+DEJqVPSHIKNlWh5L5L4FYog7b/h0bAnhKhpOAvx/c1dFp2QE9sFw==",
      "requires": {
        "lerp": "^1.0.3"
      }
    },
    "docopt": {
      "version": "0.6.2",
      "resolved": "https://registry.npmjs.org/docopt/-/docopt-0.6.2.tgz",
      "integrity": "sha1-so6eIiDaXsSffqW7JKR3h0Be6xE="
    },
    "fast-json-patch": {
      "version": "3.0.0-1",
      "resolved": "https://registry.npmjs.org/fast-json-patch/-/fast-json-patch-3.0.0-1.tgz",
      "integrity": "sha512-6pdFb07cknxvPzCeLsFHStEy+MysPJPgZQ9LbQ/2O67unQF93SNqfdSqnPPl71YMHX+AD8gbl7iuoGFzHEdDuw=="
    },
    "graphviz": {
      "version": "0.0.9",
      "resolved": "https://registry.npmjs.org/graphviz/-/graphviz-0.0.9.tgz",
      "integrity": "sha512-SmoY2pOtcikmMCqCSy2NO1YsRfu9OO0wpTlOYW++giGjfX1a6gax/m1Fo8IdUd0/3H15cTOfR1SMKwohj4LKsg==",
      "requires": {
        "temp": "~0.4.0"
      }
    },
    "inherits": {
      "version": "2.0.3",
      "resolved": "https://registry.npmjs.org/inherits/-/inherits-2.0.3.tgz",
      "integrity": "sha1-Yzwsg+PaQqUC9SRmAiSA9CCCYd4="
    },
    "lerp": {
      "version": "1.0.3",
      "resolved": "https://registry.npmjs.org/lerp/-/lerp-1.0.3.tgz",
      "integrity": "sha1-oYyJaPkXiW3hXM/MKNVaa3Med24="
    },
    "lodash": {
      "version": "4.17.19",
      "resolved": "https://registry.npmjs.org/lodash/-/lodash-4.17.19.tgz",
      "integrity": "sha512-JNvd8XER9GQX0v2qJgsaN/mzFCNA5BRe/j8JN9d+tWyGLSodKQHKFicdwNYzWwI3wjRnaKPsGj1XkBjx/F96DQ=="
    },
    "path": {
      "version": "0.12.7",
      "resolved": "https://registry.npmjs.org/path/-/path-0.12.7.tgz",
      "integrity": "sha1-1NwqUGxM4hl+tIHr/NWzbAFAsQ8=",
      "requires": {
        "process": "^0.11.1",
        "util": "^0.10.3"
      }
    },
    "process": {
      "version": "0.11.10",
      "resolved": "https://registry.npmjs.org/process/-/process-0.11.10.tgz",
      "integrity": "sha1-czIwDoQBYb2j5podHZGn1LwW8YI="
    },
    "temp": {
      "version": "0.4.0",
      "resolved": "https://registry.npmjs.org/temp/-/temp-0.4.0.tgz",
      "integrity": "sha1-ZxrWPVe+D+nXKUZks/xABjZnimA="
    },
    "util": {
      "version": "0.10.4",
      "resolved": "https://registry.npmjs.org/util/-/util-0.10.4.tgz",
      "integrity": "sha512-0Pm9hTQ3se5ll1XihRic3FDIku70C+iHUdT/W926rSgHV5QgXsYbKZN8MSC3tJtSkhuROzvsQjAaFENRXr+19A==",
      "requires": {
        "inherits": "2.0.3"
      }
    },
    "walkdir": {
      "version": "0.4.1",
      "resolved": "https://registry.npmjs.org/walkdir/-/walkdir-0.4.1.tgz",
      "integrity": "sha512-3eBwRyEln6E1MSzcxcVpQIhRG8Q1jLvEqRmCZqS3dsfXEDR/AhOF4d+jHg1qvDCpYaVRZjENPQyrVxAkQqxPgQ=="
    }
  }
}
